
Microsoft Visual Studio Solution File, Format Version 12.00
# Visual Studio Version 17
VisualStudioVersion = 17.3.32929.385
MinimumVisualStudioVersion = 10.0.40219.1
Project("{FAE04EC0-301F-11D3-BF4B-00C04F79EFBC}") = "Energaz", "Energaz\Energaz.csproj", "{919955C8-D282-44AA-88FD-FE4E5A267852}"
EndProject
Global
	GlobalSection(SolutionConfigurationPlatforms) = preSolution
		Debug|Any CPU = Debug|Any CPU
		Release|Any CPU = Release|Any CPU
	EndGlobalSection
	GlobalSection(ProjectConfigurationPlatforms) = postSolution
		{919955C8-D282-44AA-88FD-FE4E5A267852}.Debug|Any CPU.ActiveCfg = Debug|Any CPU
		{919955C8-D282-44AA-88FD-FE4E5A267852}.Debug|Any CPU.Build.0 = Debug|Any CPU
		{919955C8-D282-44AA-88FD-FE4E5A267852}.Release|Any CPU.ActiveCfg = Release|Any CPU
		{919955C8-D282-44AA-88FD-FE4E5A267852}.Release|Any CPU.Build.0 = Release|Any CPU
	EndGlobalSection
	GlobalSection(SolutionProperties) = preSolution
		HideSolutionNode = FALSE
	EndGlobalSection
	GlobalSection(ExtensibilityGlobals) = postSolution
		SolutionGuid = {585A333F-2A8B-4147-B182-F7D4D586A89A}
	EndGlobalSection
EndGlobal
